# This file is automatically @generated by Wally.
# It is not intended for manual editing.
registry = "test"

[[package]]
name = "command17/rbxnetwork"
version = "1.0.0"
dependencies = [["Signal", "command17/rbxsignal@1.0.1"]]

[[package]]
name = "command17/rbxsignal"
version = "1.0.1"
dependencies = []
